
Microsoft Visual Studio Solution File, Format Version 12.00
Project("{FAE04EC0-301F-11D3-BF4B-00C04F79EFBC}") = "WebApi", "WebApi\WebApi.csproj", "{145B4AA4-F3CB-4128-ABCE-1931247A09F1}"
EndProject
Project("{FAE04EC0-301F-11D3-BF4B-00C04F79EFBC}") = "MusicDuel", "Client\MusicDuel.csproj", "{72F7E4E8-C81B-4754-8F46-E67E10408248}"
EndProject
Project("{FAE04EC0-301F-11D3-BF4B-00C04F79EFBC}") = "Domain", "Domain\Domain.csproj", "{C261F1CB-23D8-4827-9810-E700EB751E7A}"
EndProject
Project("{2150E333-8FDC-42A3-9474-1A3956D46DE8}") = "Backend", "Backend", "{B373112F-D6ED-4268-B4C1-014A8BB7697B}"
EndProject
Project("{2150E333-8FDC-42A3-9474-1A3956D46DE8}") = "Frontend", "Frontend", "{6C60A2D3-CE15-44B8-BCA0-ED7D43360CF7}"
EndProject
Project("{FAE04EC0-301F-11D3-BF4B-00C04F79EFBC}") = "Application", "Application\Application.csproj", "{34340DD9-EA9E-4DD3-B092-945806E42BF0}"
EndProject
Project("{FAE04EC0-301F-11D3-BF4B-00C04F79EFBC}") = "Infra", "Infra\Infra.csproj", "{A4A74E6E-9CDE-4E6E-89BC-57BA2EDBE2CB}"
EndProject
Global
	GlobalSection(SolutionConfigurationPlatforms) = preSolution
		Debug|Any CPU = Debug|Any CPU
		Release|Any CPU = Release|Any CPU
	EndGlobalSection
	GlobalSection(ProjectConfigurationPlatforms) = postSolution
		{145B4AA4-F3CB-4128-ABCE-1931247A09F1}.Debug|Any CPU.ActiveCfg = Debug|Any CPU
		{145B4AA4-F3CB-4128-ABCE-1931247A09F1}.Debug|Any CPU.Build.0 = Debug|Any CPU
		{145B4AA4-F3CB-4128-ABCE-1931247A09F1}.Release|Any CPU.ActiveCfg = Release|Any CPU
		{145B4AA4-F3CB-4128-ABCE-1931247A09F1}.Release|Any CPU.Build.0 = Release|Any CPU
		{72F7E4E8-C81B-4754-8F46-E67E10408248}.Debug|Any CPU.ActiveCfg = Debug|Any CPU
		{72F7E4E8-C81B-4754-8F46-E67E10408248}.Debug|Any CPU.Build.0 = Debug|Any CPU
		{72F7E4E8-C81B-4754-8F46-E67E10408248}.Release|Any CPU.ActiveCfg = Debug|Any CPU
		{72F7E4E8-C81B-4754-8F46-E67E10408248}.Release|Any CPU.Build.0 = Debug|Any CPU
		{C261F1CB-23D8-4827-9810-E700EB751E7A}.Debug|Any CPU.ActiveCfg = Debug|Any CPU
		{C261F1CB-23D8-4827-9810-E700EB751E7A}.Debug|Any CPU.Build.0 = Debug|Any CPU
		{C261F1CB-23D8-4827-9810-E700EB751E7A}.Release|Any CPU.ActiveCfg = Release|Any CPU
		{C261F1CB-23D8-4827-9810-E700EB751E7A}.Release|Any CPU.Build.0 = Release|Any CPU
		{34340DD9-EA9E-4DD3-B092-945806E42BF0}.Debug|Any CPU.ActiveCfg = Debug|Any CPU
		{34340DD9-EA9E-4DD3-B092-945806E42BF0}.Debug|Any CPU.Build.0 = Debug|Any CPU
		{34340DD9-EA9E-4DD3-B092-945806E42BF0}.Release|Any CPU.ActiveCfg = Release|Any CPU
		{34340DD9-EA9E-4DD3-B092-945806E42BF0}.Release|Any CPU.Build.0 = Release|Any CPU
		{A4A74E6E-9CDE-4E6E-89BC-57BA2EDBE2CB}.Debug|Any CPU.ActiveCfg = Debug|Any CPU
		{A4A74E6E-9CDE-4E6E-89BC-57BA2EDBE2CB}.Debug|Any CPU.Build.0 = Debug|Any CPU
		{A4A74E6E-9CDE-4E6E-89BC-57BA2EDBE2CB}.Release|Any CPU.ActiveCfg = Release|Any CPU
		{A4A74E6E-9CDE-4E6E-89BC-57BA2EDBE2CB}.Release|Any CPU.Build.0 = Release|Any CPU
	EndGlobalSection
	GlobalSection(NestedProjects) = preSolution
		{34340DD9-EA9E-4DD3-B092-945806E42BF0} = {B373112F-D6ED-4268-B4C1-014A8BB7697B}
		{72F7E4E8-C81B-4754-8F46-E67E10408248} = {6C60A2D3-CE15-44B8-BCA0-ED7D43360CF7}
		{145B4AA4-F3CB-4128-ABCE-1931247A09F1} = {B373112F-D6ED-4268-B4C1-014A8BB7697B}
		{A4A74E6E-9CDE-4E6E-89BC-57BA2EDBE2CB} = {B373112F-D6ED-4268-B4C1-014A8BB7697B}
	EndGlobalSection
EndGlobal
